version: 7
platforms:
- name: win-64
  virtual-packages:
  - __win=10.0
  - __archspec=0=x86_64
environments:
  default:
    channels:
    - url: https://conda.anaconda.org/conda-forge/
    packages:
      win-64:
      - conda: https://conda.anaconda.org/conda-forge/noarch/ca-certificates-2026.7.22-h4c7d964_0.conda
      - conda: https://conda.anaconda.org/conda-forge/noarch/python_abi-3.12-8_cp312.conda
      - conda: https://conda.anaconda.org/conda-forge/noarch/tzdata-2026c-h151e31d_0.conda
      - conda: https://conda.anaconda.org/conda-forge/win-64/blosc-1.21.6-hfd34d9b_1.conda
      - conda: https://conda.anaconda.org/conda-forge/win-64/bzip2-1.0.8-h0ad9c76_10.conda
      - conda: https://conda.anaconda.org/conda-forge/win-64/freexl-2.0.0-hf297d47_2.conda
      - conda: https://conda.anaconda.org/conda-forge/win-64/gdal-3.13.3-np2py312h8dbf25b_0.conda
      - conda: https://conda.anaconda.org/conda-forge/win-64/geos-3.14.1-hdade9fe_0.conda
      - conda: https://conda.anaconda.org/conda-forge/win-64/icu-78.3-h5112557_2.conda
      - conda: https://conda.anaconda.org/conda-forge/win-64/krb5-1.22.2-h719d79b_2.conda
      - conda: https://conda.anaconda.org/conda-forge/win-64/lerc-4.2.0-hd936e49_0.conda
      - conda: https://conda.anaconda.org/conda-forge/win-64/libarchive-3.8.9-gpl_h8fdc8af_101.conda
      - conda: https://conda.anaconda.org/conda-forge/win-64/libblas-3.11.0-9_h8455456_mkl.conda
      - conda: https://conda.anaconda.org/conda-forge/win-64/libbrotlicommon-1.2.0-hf02afa3_3.conda
      - conda: https://conda.anaconda.org/conda-forge/win-64/libbrotlidec-1.2.0-h84f9c24_3.conda
      - conda: https://conda.anaconda.org/conda-forge/win-64/libbrotlienc-1.2.0-he2a975b_3.conda
      - conda: https://conda.anaconda.org/conda-forge/win-64/libcblas-3.11.0-9_h2a3cdd5_mkl.conda
      - conda: https://conda.anaconda.org/conda-forge/win-64/libcurl-8.21.0-hdb0ef4a_5.conda
      - conda: https://conda.anaconda.org/conda-forge/win-64/libdeflate-1.25-h1a1d4e4_1.conda
      - conda: https://conda.anaconda.org/conda-forge/win-64/libexpat-2.8.1-hac47afa_1.conda
      - conda: https://conda.anaconda.org/conda-forge/win-64/libffi-3.7.0-h3d046cb_0.conda
      - conda: https://conda.anaconda.org/conda-forge/win-64/libgdal-core-3.13.3-hbfeefb7_0.conda
      - conda: https://conda.anaconda.org/conda-forge/win-64/libhwloc-2.13.0-default_h049141e_1000.conda
      - conda: https://conda.anaconda.org/conda-forge/win-64/libhwy-1.4.0-h2419aca_1.conda
      - conda: https://conda.anaconda.org/conda-forge/win-64/libiconv-1.18-hc1393d2_3.conda
      - conda: https://conda.anaconda.org/conda-forge/win-64/libjpeg-turbo-3.2.0-hfd05255_1.conda
      - conda: https://conda.anaconda.org/conda-forge/win-64/libjxl-0.12.0-h932607e_2.conda
      - conda: https://conda.anaconda.org/conda-forge/win-64/libkml-1.3.0-h68a222c_1023.conda
      - conda: https://conda.anaconda.org/conda-forge/win-64/liblapack-3.11.0-9_hf9ab0e9_mkl.conda
      - conda: https://conda.anaconda.org/conda-forge/win-64/liblzma-5.8.3-hfd05255_1.conda
      - conda: https://conda.anaconda.org/conda-forge/win-64/libpng-1.6.58-hdc8cecf_1.conda
      - conda: https://conda.anaconda.org/conda-forge/win-64/libpsl-0.23.1-h9b16d47_1.conda
      - conda: https://conda.anaconda.org/conda-forge/win-64/librttopo-1.1.0-haa95264_20.conda
      - conda: https://conda.anaconda.org/conda-forge/win-64/libspatialite-5.1.0-gpl_h2fc3b25_120.conda
      - conda: https://conda.anaconda.org/conda-forge/win-64/libsqlite-3.53.4-hf5d6505_1.conda
      - conda: https://conda.anaconda.org/conda-forge/win-64/libssh2-1.11.1-h734d217_1.conda
      - conda: https://conda.anaconda.org/conda-forge/win-64/libtiff-4.7.2-h8f73337_0.conda
      - conda: https://conda.anaconda.org/conda-forge/win-64/libwebp-base-1.6.0-h4d5522a_1.conda
      - conda: https://conda.anaconda.org/conda-forge/win-64/libwinpthread-12.0.0.r4.gg4f2fc60ca-h57928b3_10.conda
      - conda: https://conda.anaconda.org/conda-forge/win-64/libxml2-16-2.15.3-h3cfd58e_1.conda
      - conda: https://conda.anaconda.org/conda-forge/win-64/libxml2-2.15.3-h8ef44ab_1.conda
      - conda: https://conda.anaconda.org/conda-forge/win-64/libxml2-devel-2.15.3-h8ef44ab_1.conda
      - conda: https://conda.anaconda.org/conda-forge/win-64/libzlib-1.3.2-hfd05255_3.conda
      - conda: https://conda.anaconda.org/conda-forge/win-64/llvm-openmp-22.1.8-h4fa8253_2.conda
      - conda: https://conda.anaconda.org/conda-forge/win-64/lz4-c-1.10.0-h6a83c73_2.conda
      - conda: https://conda.anaconda.org/conda-forge/win-64/lzo-2.10-h6a83c73_1003.conda
      - conda: https://conda.anaconda.org/conda-forge/win-64/minizip-4.2.2-h0ffbb96_0.conda
      - conda: https://conda.anaconda.org/conda-forge/win-64/mkl-2026.1.0-hac47afa_234.conda
      - conda: https://conda.anaconda.org/conda-forge/win-64/muparser-2.3.5-he0c23c2_0.conda
      - conda: https://conda.anaconda.org/conda-forge/win-64/numpy-2.5.2-py312ha3f287d_0.conda
      - conda: https://conda.anaconda.org/conda-forge/win-64/openssl-3.6.4-hf411b9b_0.conda
      - conda: https://conda.anaconda.org/conda-forge/win-64/pcre2-10.47-h8466c1e_1.conda
      - conda: https://conda.anaconda.org/conda-forge/win-64/proj-9.8.1-hd30e2cd_0.conda
      - conda: https://conda.anaconda.org/conda-forge/win-64/python-3.12.14-hb12b558_0_cpython.conda
      - conda: https://conda.anaconda.org/conda-forge/win-64/snappy-1.2.2-h7fa0ca8_1.conda
      - conda: https://conda.anaconda.org/conda-forge/win-64/sqlite-3.53.4-hdb435a2_1.conda
      - conda: https://conda.anaconda.org/conda-forge/win-64/tbb-2023.0.0-hd3d4ead_2.conda
      - conda: https://conda.anaconda.org/conda-forge/win-64/tk-8.6.13-h967ab96_4.conda
      - conda: https://conda.anaconda.org/conda-forge/win-64/ucrt-10.0.26100.0-h57928b3_0.conda
      - conda: https://conda.anaconda.org/conda-forge/win-64/uriparser-0.9.8-h5a68840_0.conda
      - conda: https://conda.anaconda.org/conda-forge/win-64/vc-14.5-ha367084_41.conda
      - conda: https://conda.anaconda.org/conda-forge/win-64/vc14_runtime-14.51.36247-habf1de7_41.conda
      - conda: https://conda.anaconda.org/conda-forge/win-64/vcomp14-14.51.36247-habf1de7_41.conda
      - conda: https://conda.anaconda.org/conda-forge/win-64/xerces-c-3.3.0-hac47afa_1.conda
      - conda: https://conda.anaconda.org/conda-forge/win-64/zlib-1.3.2-hfd05255_3.conda
      - conda: https://conda.anaconda.org/conda-forge/win-64/zstd-1.5.7-h534d264_7.conda
packages:
- conda: https://conda.anaconda.org/conda-forge/noarch/ca-certificates-2026.7.22-h4c7d964_0.conda
  sha256: 95e8e74062a5fe5f870ac8c90302b6e89945165fdaed7810606e84ddee6aac12
  md5: e27d2ac27b096dc51fedfcf775a53f9b
  depends:
  - __win
  license: ISC
  run_exports: {}
  size: 132136
  timestamp: 1784754918886
- conda: https://conda.anaconda.org/conda-forge/noarch/python_abi-3.12-8_cp312.conda
  build_number: 8
  sha256: 80677180dd3c22deb7426ca89d6203f1c7f1f256f2d5a94dc210f6e758229809
  md5: c3efd25ac4d74b1584d2f7a57195ddf1
  constrains:
  - python 3.12.* *_cpython
  license: BSD-3-Clause
  license_family: BSD
  run_exports: {}
  size: 6958
  timestamp: 1752805918820
- conda: https://conda.anaconda.org/conda-forge/noarch/tzdata-2026c-h151e31d_0.conda
  sha256: b928c30ddcb0e3f544c6eade8352737e6e610e263276b90232db6a578ef899d8
  md5: fcb489df604d100968b737f2cb6076c6
  license: LicenseRef-Public-Domain
  run_exports: {}
  size: 118849
  timestamp: 1784250406640
- conda: https://conda.anaconda.org/conda-forge/win-64/blosc-1.21.6-hfd34d9b_1.conda
  sha256: 9303a7a0e03cf118eab3691013f6d6cbd1cbac66efbc70d89b20f5d0145257c0
  md5: 357d7be4146d5fec543bfaa96a8a40de
  depends:
  - libzlib >=1.3.1,<2.0a0
  - lz4-c >=1.10.0,<1.11.0a0
  - snappy >=1.2.1,<1.3.0a0
  - ucrt >=10.0.20348.0
  - vc >=14.2,<15
  - vc14_runtime >=14.29.30139
  - zstd >=1.5.6,<1.6.0a0
  license: BSD-3-Clause
  license_family: BSD
  run_exports:
    weak:
    - blosc >=1.21.6,<2.0a0
  size: 49840
  timestamp: 1733513605730
- conda: https://conda.anaconda.org/conda-forge/win-64/bzip2-1.0.8-h0ad9c76_10.conda
  sha256: 04767466ee9227c9c57ab2c6503e0149177d34111c7418d2f420297acb1eb229
  md5: c3301c058362f340100d91cd8be0393f
  depends:
  - ucrt >=10.0.20348.0
  - vc >=14.3,<15
  - vc14_runtime >=14.44.35208
  license: bzip2-1.0.6
  license_family: BSD
  run_exports:
    weak:
    - bzip2 >=1.0.8,<2.0a0
  size: 55919
  timestamp: 1785906343696
- conda: https://conda.anaconda.org/conda-forge/win-64/freexl-2.0.0-hf297d47_2.conda
  sha256: 1e62cbc6daa74656034dc4a6e58faa2d50291719c1cba53cc0b1946f0d2b9404
  md5: d6a8059de245e53478b581742b53f71d
  depends:
  - libexpat >=2.6.4,<3.0a0
  - libiconv >=1.17,<2.0a0
  - minizip >=4.0.7,<5.0a0
  - ucrt >=10.0.20348.0
  - vc >=14.2,<15
  - vc14_runtime >=14.29.30139
  license: MPL-1.1
  license_family: MOZILLA
  run_exports:
    weak:
    - freexl >=2.0.0,<3.0a0
  size: 77528
  timestamp: 1734015193826
- conda: https://conda.anaconda.org/conda-forge/win-64/gdal-3.13.3-np2py312h8dbf25b_0.conda
  sha256: c5019238edd459acf23bae8df9be8c56e25dd4424c4921267e3ef1f58ad41f47
  md5: 07a365494b5fb9b6e9f756f686f560c5
  depends:
  - python
  - libgdal-core 3.13.3.*
  - vc >=14.3,<15
  - vc14_runtime >=14.44.35208
  - ucrt >=10.0.20348.0
  - lerc >=4.2.0,<5.0a0
  - libxml2
  - libxml2-16 >=2.14.6
  - libpng >=1.6.58,<1.7.0a0
  - libarchive >=3.8.9,<3.9.0a0
  - libwebp-base >=1.6.0,<2.0a0
  - libjxl >=0.12.0,<0.13.0a0
  - lz4-c >=1.10.0,<1.11.0a0
  - libjpeg-turbo >=3.2.0,<4.0a0
  - zstd >=1.5.7,<1.6.0a0
  - openssl >=3.5.7,<4.0a0
  - geos >=3.14.1,<3.14.2.0a0
  - libspatialite >=5.1.0,<5.2.0a0
  - xerces-c >=3.3.0,<3.4.0a0
  - libexpat >=2.8.1,<3.0a0
  - libsqlite >=3.53.4,<4.0a0
  - libiconv >=1.18,<2.0a0
  - blosc >=1.21.6,<2.0a0
  - proj >=9.8.1,<9.9.0a0
  - libdeflate >=1.25,<1.26.0a0
  - libcurl >=8.21.0,<9.0a0
  - libzlib >=1.3.2,<2.0a0
  - pcre2 >=10.47,<10.48.0a0
  - libkml >=1.3.0,<1.4.0a0
  - liblzma >=5.8.3,<6.0a0
  - muparser >=2.3.5,<2.4.0a0
  - python_abi 3.12.* *_cp312
  - numpy >=1.25,<3
  license: MIT
  license_family: MIT
  run_exports: {}
  size: 2336860
  timestamp: 1787091867118
- conda: https://conda.anaconda.org/conda-forge/win-64/geos-3.14.1-hdade9fe_0.conda
  sha256: 032a16d78e69a20ffae6216191a66977bc50f6c21cb75f9853b37298b95308c4
  md5: 8c75d7e401a4d799ce8d4bb922320967
  depends:
  - ucrt >=10.0.20348.0
  - vc >=14.3,<15
  - vc14_runtime >=14.44.35208
  license: LGPL-2.1-only
  run_exports:
    weak:
    - geos >=3.14.1,<3.14.2.0a0
  size: 1772787
  timestamp: 1761593910217
- conda: https://conda.anaconda.org/conda-forge/win-64/icu-78.3-h5112557_2.conda
  sha256: 75c549b55b673e15de8785a8e5dd85bca7eb612eee0ff4dc8d7bdaa15eacbdbb
  md5: e596942e8ee6ee17fdcf1e6a77757a66
  depends:
  - vc >=14.3,<15
  - vc14_runtime >=14.44.35208
  - ucrt >=10.0.20348.0
  license: MIT
  license_family: MIT
  run_exports:
    weak:
    - icu >=78.3,<79.0a0
  size: 16835644
  timestamp: 1784916416303
- conda: https://conda.anaconda.org/conda-forge/win-64/krb5-1.22.2-h719d79b_2.conda
  sha256: 63ff03324e903eb01a715ccf357df56d66224e61952fd6615d86490ebefb3285
  md5: 93f5a01dec294a2228f757fe2f3432d4
  depends:
  - openssl >=3.5.7,<4.0a0
  - ucrt >=10.0.20348.0
  - vc >=14.3,<15
  - vc14_runtime >=14.44.35208
  license: MIT
  license_family: MIT
  run_exports:
    weak:
    - krb5 >=1.22.2,<1.23.0a0
  size: 753425
  timestamp: 1786762169034
- conda: https://conda.anaconda.org/conda-forge/win-64/lerc-4.2.0-hd936e49_0.conda
  sha256: 93d666f63f284ef77b87b0b1f77b70f7d36d315a132f9afa64bc0012d937ba39
  md5: add59e2b60ac9d4299d17c938185c75a
  depends:
  - ucrt >=10.0.20348.0
  - vc >=14.3,<15
  - vc14_runtime >=14.44.35208
  license: Apache-2.0
  license_family: Apache
  run_exports:
    weak:
    - lerc >=4.2.0,<5.0a0
  size: 175297
  timestamp: 1785036247761
- conda: https://conda.anaconda.org/conda-forge/win-64/libarchive-3.8.9-gpl_h8fdc8af_101.conda
  sha256: 71cb6e49282d2aee1eb0249a290dc2333b0063ac2ecec69116ad569d822a0aaf
  md5: 74c32a74e1b188a4e14fc359c721e4b9
  depends:
  - bzip2 >=1.0.8,<2.0a0
  - liblzma >=5.8.3,<6.0a0
  - libxml2
  - libxml2-16 >=2.15.3
  - libzlib >=1.3.2,<2.0a0
  - lz4-c >=1.10.0,<1.11.0a0
  - lzo >=2.10,<3.0a0
  - openssl >=3.5.7,<4.0a0
  - ucrt >=10.0.20348.0
  - vc >=14.3,<15
  - vc14_runtime >=14.44.35208
  - zstd >=1.5.7,<1.6.0a0
  license: BSD-2-Clause
  license_family: BSD
  run_exports:
    weak:
    - libarchive >=3.8.9,<3.9.0a0
  size: 1151402
  timestamp: 1787292629824
- conda: https://conda.anaconda.org/conda-forge/win-64/libblas-3.11.0-9_h8455456_mkl.conda
  build_number: 9
  sha256: a99c640f10a3f77efe5c6605676ddc8d365d020eec4fdf1c803d34bdaf49b357
  md5: 17b26a4ad064259983bec1eaa36f40d3
  depends:
  - mkl >=2026.1.0,<2027.0a0
  constrains:
  - blas 2.309   mkl
  - libcblas   3.11.0   9*_mkl
  - liblapack  3.11.0   9*_mkl
  - liblapacke 3.11.0   9*_mkl
  license: BSD-3-Clause
  license_family: BSD
  run_exports:
    weak:
    - libblas >=3.11.0,<4.0a0
  size: 67235
  timestamp: 1786059219098
- conda: https://conda.anaconda.org/conda-forge/win-64/libbrotlicommon-1.2.0-hf02afa3_3.conda
  sha256: c739589318a1f8a88cd1b66d385176fd1ec2c4609e9f90d23d748be94b547e4e
  md5: 8ef4beb3cb18e1a876b9af9a757cc1a5
  depends:
  - ucrt >=10.0.20348.0
  - vc >=14.3,<15
  - vc14_runtime >=14.44.35208
  license: MIT
  license_family: MIT
  run_exports:
    weak:
    - libbrotlicommon >=1.2.0,<1.3.0a0
  size: 82655
  timestamp: 1786622832371
- conda: https://conda.anaconda.org/conda-forge/win-64/libbrotlidec-1.2.0-h84f9c24_3.conda
  sha256: f4bdb7ec97c3122e531fc867efae5ec928b649d047aa70d42893f0d8eb110fd9
  md5: 10c479888ee4e960587967b2d0c8143a
  depends:
  - libbrotlicommon 1.2.0 hf02afa3_3
  - ucrt >=10.0.20348.0
  - vc >=14.3,<15
  - vc14_runtime >=14.44.35208
  license: MIT
  license_family: MIT
  run_exports:
    weak:
    - libbrotlidec >=1.2.0,<1.3.0a0
  size: 34788
  timestamp: 1786622843818
- conda: https://conda.anaconda.org/conda-forge/win-64/libbrotlienc-1.2.0-he2a975b_3.conda
  sha256: c5e638ea9704c94b316238b425a3439ba38d4d8fba81682842e6d7d464472848
  md5: cb5d08dc81f52e87c27914b5636cd995
  depends:
  - libbrotlicommon 1.2.0 hf02afa3_3
  - ucrt >=10.0.20348.0
  - vc >=14.3,<15
  - vc14_runtime >=14.44.35208
  license: MIT
  license_family: MIT
  run_exports:
    weak:
    - libbrotlienc >=1.2.0,<1.3.0a0
  size: 253894
  timestamp: 1786622854214
- conda: https://conda.anaconda.org/conda-forge/win-64/libcblas-3.11.0-9_h2a3cdd5_mkl.conda
  build_number: 9
  sha256: 8c20714bbb85c8a109e9002e76c32be64a82d9867beb1a35a20c85258cc2b535
  md5: 9d1d0c22e9ed8c31ec2efc0d063d6f48
  depends:
  - libblas 3.11.0 9_h8455456_mkl
  constrains:
  - blas 2.309   mkl
  - liblapack  3.11.0   9*_mkl
  - liblapacke 3.11.0   9*_mkl
  license: BSD-3-Clause
  license_family: BSD
  run_exports:
    weak:
    - libcblas >=3.11.0,<4.0a0
  size: 67587
  timestamp: 1786059232952
- conda: https://conda.anaconda.org/conda-forge/win-64/libcurl-8.21.0-hdb0ef4a_5.conda
  sha256: bf5445ab8acfaccaf511d774f131cf0d99c5eef6b8def270e832ad26970d5011
  md5: 50861643cbe90dc7267feb7854b8efdf
  depends:
  - krb5 >=1.22.2,<1.23.0a0
  - libpsl >=0.23.1,<0.24.0a0
  - libssh2 >=1.11.1,<2.0a0
  - libzlib >=1.3.2,<2.0a0
  - ucrt >=10.0.20348.0
  - vc >=14.3,<15
  - vc14_runtime >=14.44.35208
  license: curl
  license_family: MIT
  run_exports:
    weak:
    - libcurl >=8.21.0,<9.0a0
  size: 405126
  timestamp: 1787183759927
- conda: https://conda.anaconda.org/conda-forge/win-64/libdeflate-1.25-h1a1d4e4_1.conda
  sha256: af1cda21d4653f594fbef20aa4e1ff158a546902b3307ef8af9a9b44b43862d2
  md5: e4e122e124676a49eebf241399ad8393
  depends:
  - ucrt >=10.0.20348.0
  - vc >=14.3,<15
  - vc14_runtime >=14.44.35208
  license: MIT
  license_family: MIT
  run_exports:
    weak:
    - libdeflate >=1.25,<1.26.0a0
  size: 157828
  timestamp: 1785908793271
- conda: https://conda.anaconda.org/conda-forge/win-64/libexpat-2.8.1-hac47afa_1.conda
  sha256: 1a54d874addda73b6f7164d5f3905821277a1831bcc05edd74b3085391688571
  md5: ccc490c81ffe14181861beac0e8f3169
  depends:
  - ucrt >=10.0.20348.0
  - vc >=14.3,<15
  - vc14_runtime >=14.44.35208
  constrains:
  - expat 2.8.1.*
  license: MIT
  license_family: MIT
  run_exports: {}
  size: 71631
  timestamp: 1781203724164
- conda: https://conda.anaconda.org/conda-forge/win-64/libffi-3.7.0-h3d046cb_0.conda
  sha256: 2ea8d2fe7b84ca37653777e15ac1e7abd35f0c90d3efbe7f6c4de9b489606369
  md5: 92bdfc0e5012660892b0e0eaf3069a5c
  depends:
  - ucrt >=10.0.20348.0
  - vc >=14.3,<15
  - vc14_runtime >=14.44.35208
  license: MIT
  license_family: MIT
  run_exports:
    weak:
    - libffi >=3.7.0,<3.8.0a0
  size: 50247
  timestamp: 1783521107166
- conda: https://conda.anaconda.org/conda-forge/win-64/libgdal-core-3.13.3-hbfeefb7_0.conda
  sha256: e87e2865517b6591433168d7e49be68a5e43a946a779e0121d530f82665daa20
  md5: fb0dd4f45e0102de92b6a62f86272f5a
  depends:
  - vc >=14.3,<15
  - vc14_runtime >=14.44.35208
  - ucrt >=10.0.20348.0
  - lerc >=4.2.0,<5.0a0
  - libxml2
  - libxml2-16 >=2.14.6
  - libpng >=1.6.58,<1.7.0a0
  - libarchive >=3.8.9,<3.9.0a0
  - libwebp-base >=1.6.0,<2.0a0
  - libjxl >=0.12.0,<0.13.0a0
  - lz4-c >=1.10.0,<1.11.0a0
  - libjpeg-turbo >=3.2.0,<4.0a0
  - zstd >=1.5.7,<1.6.0a0
  - openssl >=3.5.7,<4.0a0
  - geos >=3.14.1,<3.14.2.0a0
  - libspatialite >=5.1.0,<5.2.0a0
  - xerces-c >=3.3.0,<3.4.0a0
  - libexpat >=2.8.1,<3.0a0
  - libsqlite >=3.53.4,<4.0a0
  - libiconv >=1.18,<2.0a0
  - blosc >=1.21.6,<2.0a0
  - proj >=9.8.1,<9.9.0a0
  - libdeflate >=1.25,<1.26.0a0
  - libcurl >=8.21.0,<9.0a0
  - libzlib >=1.3.2,<2.0a0
  - pcre2 >=10.47,<10.48.0a0
  - libkml >=1.3.0,<1.4.0a0
  - liblzma >=5.8.3,<6.0a0
  - muparser >=2.3.5,<2.4.0a0
  constrains:
  - libgdal 3.13.3.*
  license: MIT
  license_family: MIT
  run_exports:
    weak:
    - libgdal-core >=3.13.3,<3.14.0a0
  size: 11341394
  timestamp: 1787091867118
- conda: https://conda.anaconda.org/conda-forge/win-64/libhwloc-2.13.0-default_h049141e_1000.conda
  sha256: 2ee12e37223dfcd0acd050c80a91150c482b6e2899198521e1800dce66662467
  md5: 6a01c986e30292c715038d2788aa1385
  depends:
  - libwinpthread >=12.0.0.r4.gg4f2fc60ca
  - libxml2
  - libxml2-16 >=2.14.6
  - ucrt >=10.0.20348.0
  - vc >=14.3,<15
  - vc14_runtime >=14.44.35208
  license: BSD-3-Clause
  license_family: BSD
  run_exports:
    weak:
    - libhwloc >=2.13.0,<2.13.1.0a0
  size: 2396128
  timestamp: 1770954127918
- conda: https://conda.anaconda.org/conda-forge/win-64/libhwy-1.4.0-h2419aca_1.conda
  sha256: a6dc4360c00eca941d31ad94e8e4a102f38ce9de1668fac83118f1ad457577d2
  md5: 972a4e44d5a8c3447769414fd3518d5d
  depends:
  - ucrt >=10.0.20348.0
  - vc >=14.3,<15
  - vc14_runtime >=14.44.35208
  license: Apache-2.0 OR BSD-3-Clause
  run_exports:
    weak:
    - libhwy >=1.4.0,<1.5.0a0
  size: 563336
  timestamp: 1787282448113
- conda: https://conda.anaconda.org/conda-forge/win-64/libiconv-1.18-hc1393d2_3.conda
  sha256: 35e04e3ddac7720fc7c550a1c9f998604299d6a7bd1f3ec9b2825d825061daa2
  md5: a8a2abdf0f901bc4779d9b7be0845921
  depends:
  - ucrt >=10.0.20348.0
  - vc >=14.3,<15
  - vc14_runtime >=14.44.35208
  license: LGPL-2.1-only
  run_exports:
    weak:
    - libiconv >=1.18,<2.0a0
  size: 694899
  timestamp: 1787033851701
- conda: https://conda.anaconda.org/conda-forge/win-64/libjpeg-turbo-3.2.0-hfd05255_1.conda
  sha256: df78ab4c0eecb3dd9331898f96baeed8e5ca1c363346332517abeb0b614b9a53
  md5: fc2c23bacefd1e733f1e1d6cd3b2aaeb
  depends:
  - ucrt >=10.0.20348.0
  - vc >=14.3,<15
  - vc14_runtime >=14.44.35208
  constrains:
  - jpeg <0.0.0a
  license: IJG AND BSD-3-Clause AND Zlib
  run_exports:
    weak:
    - libjpeg-turbo >=3.2.0,<4.0a0
  size: 990125
  timestamp: 1785896494014
- conda: https://conda.anaconda.org/conda-forge/win-64/libjxl-0.12.0-h932607e_2.conda
  sha256: c0381a39fd601430ebe7e2686543f5b1685d2374d8bb7be0aabf4d4705327efa
  md5: cf415a2296a1d862e93559645c91fd30
  depends:
  - vc >=14.3,<15
  - vc14_runtime >=14.44.35208
  - ucrt >=10.0.20348.0
  - libhwy >=1.4.0,<1.5.0a0
  - libbrotlienc >=1.2.0,<1.3.0a0
  - libbrotlidec >=1.2.0,<1.3.0a0
  license: BSD-3-Clause
  license_family: BSD
  run_exports:
    weak:
    - libjxl >=0.12.0,<0.13.0a0
  size: 1199700
  timestamp: 1786691396735
- conda: https://conda.anaconda.org/conda-forge/win-64/libkml-1.3.0-h68a222c_1023.conda
  sha256: 6b2c6506dc7d7bb3bc4128d575e4ae6c2cf18d3f9828a4be331e0b5e49edf108
  md5: b44e0d9eb84c6c086d809787aab0a1da
  depends:
  - libexpat >=2.7.5,<3.0a0
  - libzlib >=1.3.2,<2.0a0
  - ucrt >=10.0.20348.0
  - uriparser >=0.9.8,<1.0a0
  - vc >=14.3,<15
  - vc14_runtime >=14.44.35208
  license: BSD-3-Clause
  license_family: BSD
  run_exports: {}
  size: 1668156
  timestamp: 1777026660593
- conda: https://conda.anaconda.org/conda-forge/win-64/liblapack-3.11.0-9_hf9ab0e9_mkl.conda
  build_number: 9
  sha256: 62d0a7a70ee13c554d5d7ff94a2ba758c4111439822dcc81324dd4cfaf576071
  md5: bee6f13ab945c4034bdd0f722ad14dd5
  depends:
  - libblas 3.11.0 9_h8455456_mkl
  constrains:
  - blas 2.309   mkl
  - libcblas   3.11.0   9*_mkl
  - liblapacke 3.11.0   9*_mkl
  license: BSD-3-Clause
  license_family: BSD
  run_exports:
    weak:
    - liblapack >=3.11.0,<3.12.0a0
  size: 79963
  timestamp: 1786059243440
- conda: https://conda.anaconda.org/conda-forge/win-64/liblzma-5.8.3-hfd05255_1.conda
  sha256: d36c4a1e1f80fd08e18a407e03622ff2f34dfdd022da6488ad19603dea19e6d5
  md5: 880a0c8549479b198af21ba5dc49b109
  depends:
  - ucrt >=10.0.20348.0
  - vc >=14.3,<15
  - vc14_runtime >=14.44.35208
  constrains:
  - xz 5.8.3.*
  license: 0BSD
  run_exports:
    weak:
    - liblzma >=5.8.3,<6.0a0
  size: 105809
  timestamp: 1786348717883
- conda: https://conda.anaconda.org/conda-forge/win-64/libpng-1.6.58-hdc8cecf_1.conda
  sha256: 8c49c32adf3ba2c59783630b82377f54ab72204ea99e2bafc90a47a8e25c1032
  md5: 5aa7348e73691187c81d51616f17e48a
  depends:
  - vc >=14.3,<15
  - vc14_runtime >=14.44.35208
  - ucrt >=10.0.20348.0
  - libzlib >=1.3.2,<2.0a0
  license: zlib-acknowledgement
  run_exports:
    weak:
    - libpng >=1.6.58,<1.7.0a0
  size: 385462
  timestamp: 1786616543374
- conda: https://conda.anaconda.org/conda-forge/win-64/libpsl-0.23.1-h9b16d47_1.conda
  sha256: e53fe3b09f82b59b644264133d6d148ac31bb5451b7583cff55690bf038f2f62
  md5: 39cdf8c4f59e4d253cfa8091c8b3d7de
  depends:
  - vc >=14.3,<15
  - vc14_runtime >=14.44.35208
  - ucrt >=10.0.20348.0
  - icu >=78.3,<79.0a0
  license: MIT
  license_family: MIT
  run_exports:
    weak:
    - libpsl >=0.23.1,<0.24.0a0
  size: 73511
  timestamp: 1786970749988
- conda: https://conda.anaconda.org/conda-forge/win-64/librttopo-1.1.0-haa95264_20.conda
  sha256: d8d091afa0e5009b71e9a931da862a60104b75ca13c3021edf036620eebaf2d0
  md5: 7eeb5aed49853f8b3e1ca0463ef55a8e
  depends:
  - geos >=3.14.1,<3.14.2.0a0
  - ucrt >=10.0.20348.0
  - vc >=14.3,<15
  - vc14_runtime >=14.44.35208
  license: GPL-2.0-or-later
  license_family: GPL
  run_exports:
    weak:
    - librttopo >=1.1.0,<1.2.0a0
  size: 403088
  timestamp: 1761671197546
- conda: https://conda.anaconda.org/conda-forge/win-64/libspatialite-5.1.0-gpl_h2fc3b25_120.conda
  sha256: 951ae336443a7a568032f928bcd62f549f6a55a6ae9200237c3737e1e00720c3
  md5: effdac4d017409986c5861d19775eef1
  depends:
  - freexl >=2
  - freexl >=2.0.0,<3.0a0
  - geos >=3.14.1,<3.14.2.0a0
  - librttopo >=1.1.0,<1.2.0a0
  - libsqlite >=3.51.2,<4.0a0
  - libxml2
  - libxml2-16 >=2.14.6
  - libxml2-devel
  - libzlib >=1.3.1,<2.0a0
  - proj >=9.8.0,<9.9.0a0
  - sqlite
  - ucrt >=10.0.20348.0
  - vc >=14.3,<15
  - vc14_runtime >=14.44.35208
  - zlib
  license: MPL-1.1
  license_family: MOZILLA
  run_exports:
    weak:
    - libspatialite >=5.1.0,<5.2.0a0
  size: 8132506
  timestamp: 1772594244069
- conda: https://conda.anaconda.org/conda-forge/win-64/libsqlite-3.53.4-hf5d6505_1.conda
  sha256: 0a45d7c0f20146fff787a106f8fa187872e309c70975ff8f0936e188914c26ad
  md5: a72d495965b144bb7da033642d389047
  depends:
  - ucrt >=10.0.20348.0
  - vc >=14.3,<15
  - vc14_runtime >=14.44.35208
  license: blessing
  run_exports:
    weak:
    - libsqlite >=3.53.4,<4.0a0
  size: 1314919
  timestamp: 1787051140039
- conda: https://conda.anaconda.org/conda-forge/win-64/libssh2-1.11.1-h734d217_1.conda
  sha256: 1097b08429b4f53f5751a32c6d99a083d227ca7f7812c0b239eea124cec073a0
  md5: a21dd9ca39e74910bb96989feb916420
  depends:
  - libzlib >=1.3.2,<2.0a0
  - openssl >=3.5.7,<4.0a0
  - ucrt >=10.0.20348.0
  - vc >=14.3,<15
  - vc14_runtime >=14.44.35208
  license: BSD-3-Clause
  license_family: BSD
  run_exports:
    weak:
    - libssh2 >=1.11.1,<2.0a0
  size: 295149
  timestamp: 1786713186180
- conda: https://conda.anaconda.org/conda-forge/win-64/libtiff-4.7.2-h8f73337_0.conda
  sha256: ec6d66308a6d6abaf3225f2f185113e6172e77eb0fa8622af982d7a5d6d47a2c
  md5: e83f459471905a04ebe15e21d063c49d
  depends:
  - lerc >=4.1.0,<5.0a0
  - libdeflate >=1.25,<1.26.0a0
  - libjpeg-turbo >=3.1.4.1,<4.0a0
  - liblzma >=5.8.3,<6.0a0
  - libzlib >=1.3.2,<2.0a0
  - ucrt >=10.0.20348.0
  - vc >=14.3,<15
  - vc14_runtime >=14.44.35208
  - zstd >=1.5.7,<1.6.0a0
  license: HPND
  run_exports:
    weak:
    - libtiff >=4.7.2,<4.8.0a0
  size: 1014598
  timestamp: 1783085017197
- conda: https://conda.anaconda.org/conda-forge/win-64/libwebp-base-1.6.0-h4d5522a_1.conda
  sha256: 4470d98d3178b0d45492eed4808afe421d2e7808352b8d06c2dc29166b75d94d
  md5: 35a9475e4cc999d52921f57c181979fc
  depends:
  - ucrt >=10.0.20348.0
  - vc >=14.3,<15
  - vc14_runtime >=14.44.35208
  constrains:
  - libwebp 1.6.0
  license: BSD-3-Clause
  license_family: BSD
  run_exports:
    weak:
    - libwebp-base >=1.6.0,<2.0a0
  size: 278886
  timestamp: 1785954716703
- conda: https://conda.anaconda.org/conda-forge/win-64/libwinpthread-12.0.0.r4.gg4f2fc60ca-h57928b3_10.conda
  sha256: 0fccf2d17026255b6e10ace1f191d0a2a18f2d65088fd02430be17c701f8ffe0
  md5: 8a86073cf3b343b87d03f41790d8b4e5
  depends:
  - ucrt
  constrains:
  - pthreads-win32 <0.0a0
  - msys2-conda-epoch <0.0a0
  license: MIT AND BSD-3-Clause-Clear
  run_exports: {}
  size: 36621
  timestamp: 1759768399557
- conda: https://conda.anaconda.org/conda-forge/win-64/libxml2-16-2.15.3-h3cfd58e_1.conda
  sha256: 8163de24a7ddb4ebf9587c3a45ba950caf3690b9646b76f007ca15e6e52b5881
  md5: 6e7dadff3f3bde2d29d29a3ec34f2d58
  depends:
  - icu >=78.3,<79.0a0
  - libiconv >=1.18,<2.0a0
  - liblzma >=5.8.3,<6.0a0
  - libzlib >=1.3.2,<2.0a0
  - ucrt >=10.0.20348.0
  - vc >=14.3,<15
  - vc14_runtime >=14.44.35208
  constrains:
  - libxml2 2.15.3
  license: MIT
  license_family: MIT
  run_exports: {}
  size: 519962
  timestamp: 1787237653321
- conda: https://conda.anaconda.org/conda-forge/win-64/libxml2-2.15.3-h8ef44ab_1.conda
  sha256: a83e9adcf7c50f20289dc6890707c8e4e84151b4204b0f7344998138807458d1
  md5: 45a5a1c709a69f14cf176220788d18a9
  depends:
  - icu >=78.3,<79.0a0
  - libiconv >=1.18,<2.0a0
  - liblzma >=5.8.3,<6.0a0
  - libxml2-16 2.15.3 h3cfd58e_1
  - libzlib >=1.3.2,<2.0a0
  - ucrt >=10.0.20348.0
  - vc >=14.3,<15
  - vc14_runtime >=14.44.35208
  license: MIT
  license_family: MIT
  run_exports:
    weak:
    - libxml2
    - libxml2-16 >=2.15.3
  size: 43610
  timestamp: 1787237661577
- conda: https://conda.anaconda.org/conda-forge/win-64/libxml2-devel-2.15.3-h8ef44ab_1.conda
  sha256: fc3130e5ad77c01309293eac68684907003505adb365027f16136abd4ffe8e3a
  md5: daa37dc0bb73bc77322b83f94b72caae
  depends:
  - icu >=78.3,<79.0a0
  - libiconv >=1.18,<2.0a0
  - liblzma >=5.8.3,<6.0a0
  - libxml2 2.15.3 h8ef44ab_1
  - libxml2-16 2.15.3 h3cfd58e_1
  - libzlib >=1.3.2,<2.0a0
  - ucrt >=10.0.20348.0
  - vc >=14.3,<15
  - vc14_runtime >=14.44.35208
  license: MIT
  license_family: MIT
  run_exports:
    weak:
    - libxml2
    - libxml2-16 >=2.15.3
  size: 124649
  timestamp: 1787237669397
- conda: https://conda.anaconda.org/conda-forge/win-64/libzlib-1.3.2-hfd05255_3.conda
  sha256: 0629c2cc0404d3bb29d6baa7b4ba62da80797015e86de050db81ea5a07050527
  md5: 5d2ff29d465097458cc3ff6569151991
  depends:
  - ucrt >=10.0.20348.0
  - vc >=14.3,<15
  - vc14_runtime >=14.44.35208
  constrains:
  - zlib 1.3.2 *_3
  license: Zlib
  license_family: Other
  run_exports:
    weak:
    - libzlib >=1.3.2,<2.0a0
  size: 58529
  timestamp: 1785276664143
- conda: https://conda.anaconda.org/conda-forge/win-64/llvm-openmp-22.1.8-h4fa8253_2.conda
  sha256: b924c8e18dbd191d34be6bdcda8dfbb8b262f99500363144293b7a174044f5a1
  md5: 04efe137dbde0fd3b8c5939e536980b4
  depends:
  - ucrt >=10.0.20348.0
  - vc >=14.3,<15
  - vc14_runtime >=14.44.35208
  constrains:
  - intel-openmp <0.0a0
  - openmp 22.1.8|22.1.8.*
  license: Apache-2.0 WITH LLVM-exception
  run_exports:
    strong:
    - llvm-openmp >=22.1.8
  size: 348954
  timestamp: 1787710272319
- conda: https://conda.anaconda.org/conda-forge/win-64/lz4-c-1.10.0-h6a83c73_2.conda
  sha256: 6824e36be0f95ae516dc36dddd18f69cbad0e4e07906fcb10a5f26a8dc471903
  md5: 3e0691cb20fcaf922df78ccea08b771a
  depends:
  - vc >=14.3,<15
  - vc14_runtime >=14.44.35208
  - ucrt >=10.0.20348.0
  license: BSD-2-Clause
  license_family: BSD
  run_exports:
    weak:
    - lz4-c >=1.10.0,<1.11.0a0
  size: 150673
  timestamp: 1786717127870
- conda: https://conda.anaconda.org/conda-forge/win-64/lzo-2.10-h6a83c73_1003.conda
  sha256: e26c855c4b5d797ba5a9e96a6392d58676981660849b99fdb939aee3164e8323
  md5: 3678b093a471615102e97124f37b233f
  depends:
  - vc >=14.3,<15
  - vc14_runtime >=14.44.35208
  - ucrt >=10.0.20348.0
  license: GPL-2.0-or-later
  license_family: GPL
  run_exports:
    weak:
    - lzo >=2.10,<3.0a0
  size: 165289
  timestamp: 1787049159945
- conda: https://conda.anaconda.org/conda-forge/win-64/minizip-4.2.2-h0ffbb96_0.conda
  sha256: 1c0c9b720b5dc860cc8a127d925c161d234a8a3ca4a10cea5038bfa548315557
  md5: 431ad376b1c4e5306a8ceb6b7278de41
  depends:
  - bzip2 >=1.0.8,<2.0a0
  - liblzma >=5.8.3,<6.0a0
  - libzlib >=1.3.2,<2.0a0
  - ucrt >=10.0.20348.0
  - vc >=14.3,<15
  - vc14_runtime >=14.44.35208
  - zstd >=1.5.7,<1.6.0a0
  license: Zlib
  license_family: Other
  run_exports:
    weak:
    - minizip >=4.2.2,<5.0a0
  size: 106476
  timestamp: 1782851531134
- conda: https://conda.anaconda.org/conda-forge/win-64/mkl-2026.1.0-hac47afa_234.conda
  sha256: f7568a5ebf9f4a401a6d9da7be4f82a8794cf305e870e77923a5712ba7f4b964
  md5: f0510f9d5e501462d72a5c0c798dbcc3
  depends:
  - llvm-openmp >=22.1.8
  - tbb >=2023.0.0
  - ucrt >=10.0.20348.0
  - vc >=14.3,<15
  - vc14_runtime >=14.44.35208
  license: LicenseRef-IntelSimplifiedSoftwareOct2022
  license_family: Proprietary
  run_exports: {}
  size: 114429478
  timestamp: 1786086389935
- conda: https://conda.anaconda.org/conda-forge/win-64/muparser-2.3.5-he0c23c2_0.conda
  sha256: 57f78d8cd9a282d03cd7a7ffb1f42d570e1bbfb42d606e99de5c16e089067185
  md5: 013aabb169d59009bdf7d70319360e9b
  depends:
  - ucrt >=10.0.20348.0
  - vc >=14.2,<15
  - vc14_runtime >=14.29.30139
  license: MIT
  license_family: MIT
  run_exports:
    weak:
    - muparser >=2.3.5,<2.4.0a0
  size: 148557
  timestamp: 1747117340968
- conda: https://conda.anaconda.org/conda-forge/win-64/numpy-2.5.2-py312ha3f287d_0.conda
  sha256: 1001b7aec66a029e43ced0981f804063f21779989f5be92afbe57ba6dbc9b0e0
  md5: aabb836a50a8be95424c224fcb9c4dd5
  depends:
  - python
  - vc >=14.3,<15
  - vc14_runtime >=14.44.35208
  - ucrt >=10.0.20348.0
  - libcblas >=3.9.0,<4.0a0
  - liblapack >=3.9.0,<4.0a0
  - libblas >=3.9.0,<4.0a0
  - python_abi 3.12.* *_cp312
  constrains:
  - numpy-base <0a0
  license: BSD-3-Clause
  license_family: BSD
  run_exports:
    weak:
    - numpy >=1.25,<3
  size: 7310151
  timestamp: 1786330621317
- conda: https://conda.anaconda.org/conda-forge/win-64/openssl-3.6.4-hf411b9b_0.conda
  sha256: 9dddb559ba49744d5d94092d8d13cb0567f5c3b3f439f3acf28433d1f4256acc
  md5: 73cb1783f47c452be4c309430fbef89f
  depends:
  - ca-certificates
  - ucrt >=10.0.20348.0
  - vc >=14.3,<15
  - vc14_runtime >=14.44.35208
  license: Apache-2.0
  license_family: Apache
  run_exports:
    weak:
    - openssl >=3.6.4,<4.0a0
  size: 9474879
  timestamp: 1787699876495
- conda: https://conda.anaconda.org/conda-forge/win-64/pcre2-10.47-h8466c1e_1.conda
  sha256: d8e9ea26b52a09d880d1e5371830c8dd5b4c099a6db64dbdf8236440744b7499
  md5: 009af999dbe2d1db36a37187a4ca4eb4
  depends:
  - bzip2 >=1.0.8,<2.0a0
  - libzlib >=1.3.2,<2.0a0
  - ucrt >=10.0.20348.0
  - vc >=14.3,<15
  - vc14_runtime >=14.44.35208
  license: BSD-3-Clause
  license_family: BSD
  run_exports:
    weak:
    - pcre2 >=10.47,<10.48.0a0
  size: 993241
  timestamp: 1787294653206
- conda: https://conda.anaconda.org/conda-forge/win-64/proj-9.8.1-hd30e2cd_0.conda
  sha256: 10ac4a9cdd99d3c2dc4695c5db51d9aa263a3b7551604f57801679b81c785d12
  md5: bbf5692c63b2f280975b3430ed3e37fd
  depends:
  - sqlite
  - libtiff
  - libcurl
  - vc >=14.3,<15
  - vc14_runtime >=14.44.35208
  - ucrt >=10.0.20348.0
  - libcurl >=8.19.0,<9.0a0
  - libsqlite >=3.53.0,<4.0a0
  - libtiff >=4.7.1,<4.8.0a0
  constrains:
  - proj4 ==999999999999
  license: MIT
  license_family: MIT
  run_exports:
    weak:
    - proj >=9.8.1,<9.9.0a0
  size: 3129512
  timestamp: 1775840349774
- conda: https://conda.anaconda.org/conda-forge/win-64/python-3.12.14-hb12b558_0_cpython.conda
  sha256: 0911d8c3e93d5746e7cb1d8f76ba680aa7cbdf90a68dcd697e641e9f761642af
  md5: 1948cdb3b317f50c8c8c4b6b96ce8a72
  depends:
  - bzip2 >=1.0.8,<2.0a0
  - libexpat >=2.8.1,<3.0a0
  - libffi >=3.7.0,<3.8.0a0
  - liblzma >=5.8.3,<6.0a0
  - libsqlite >=3.53.4,<4.0a0
  - libzlib >=1.3.2,<2.0a0
  - openssl >=3.5.7,<4.0a0
  - tk >=8.6.13,<8.7.0a0
  - tzdata
  - ucrt >=10.0.20348.0
  - vc >=14.3,<15
  - vc14_runtime >=14.44.35208
  constrains:
  - python_abi 3.12.* *_cp312
  license: Python-2.0
  run_exports:
    weak:
    - python_abi 3.12.* *_cp312
    noarch:
    - python
  size: 15964232
  timestamp: 1787352042257
- conda: https://conda.anaconda.org/conda-forge/win-64/snappy-1.2.2-h7fa0ca8_1.conda
  sha256: d2deda1350abf8c05978b73cf7fe9147dd5c7f2f9b312692d1b98e52efad53c3
  md5: 3075846de68f942150069d4289aaad63
  depends:
  - vc >=14.3,<15
  - vc14_runtime >=14.44.35208
  - ucrt >=10.0.20348.0
  - vc >=14.3,<15
  - vc14_runtime >=14.44.35208
  - ucrt >=10.0.20348.0
  license: BSD-3-Clause
  license_family: BSD
  run_exports:
    weak:
    - snappy >=1.2.2,<1.3.0a0
  size: 67417
  timestamp: 1762948090450
- conda: https://conda.anaconda.org/conda-forge/win-64/sqlite-3.53.4-hdb435a2_1.conda
  sha256: 7616fec2d6ded67e111a47d4842738d0b3730c0acf3eaebe928cf6d3e15a6822
  md5: df9d7c5d34602e0f2655a524d31fce87
  depends:
  - libsqlite 3.53.4 hf5d6505_1
  - ucrt >=10.0.20348.0
  - vc >=14.3,<15
  - vc14_runtime >=14.44.35208
  license: blessing
  run_exports:
    weak:
    - libsqlite >=3.53.4,<4.0a0
  size: 426888
  timestamp: 1787051146089
- conda: https://conda.anaconda.org/conda-forge/win-64/tbb-2023.0.0-hd3d4ead_2.conda
  sha256: 8a4053839b8e997a5965e2dff7d6cf3c77be62d82c0e48c8a04a5ed2d2e73035
  md5: 8ee01a693aecff5432069eaaf1183c45
  depends:
  - libhwloc >=2.13.0,<2.13.1.0a0
  - ucrt >=10.0.20348.0
  - vc >=14.3,<15
  - vc14_runtime >=14.44.35208
  license: Apache-2.0
  license_family: APACHE
  run_exports: {}
  size: 156515
  timestamp: 1778673901757
- conda: https://conda.anaconda.org/conda-forge/win-64/tk-8.6.13-h967ab96_4.conda
  sha256: f19618a3a82cc483dacf1c70a30367ee7b0c7e71b90f1f80e14feff44fbd3688
  md5: dd9eb33c99d352b6356f86964d6040f7
  depends:
  - vc >=14.3,<15
  - vc14_runtime >=14.44.35208
  - ucrt >=10.0.20348.0
  license: TCL
  run_exports:
    weak:
    - tk >=8.6.13,<8.7.0a0
  size: 3782376
  timestamp: 1787272860855
- conda: https://conda.anaconda.org/conda-forge/win-64/ucrt-10.0.26100.0-h57928b3_0.conda
  sha256: 3005729dce6f3d3f5ec91dfc49fc75a0095f9cd23bab49efb899657297ac91a5
  md5: 71b24316859acd00bdb8b38f5e2ce328
  constrains:
  - vc14_runtime >=14.29.30037
  - vs2015_runtime >=14.29.30037
  license: LicenseRef-MicrosoftWindowsSDK10
  run_exports: {}
  size: 694692
  timestamp: 1756385147981
- conda: https://conda.anaconda.org/conda-forge/win-64/uriparser-0.9.8-h5a68840_0.conda
  sha256: ed0eed8ed0343d29cdbfaeb1bfd141f090af696547d69f91c18f46350299f00d
  md5: 28b4cf9065681f43cc567410edf8243d
  depends:
  - ucrt >=10.0.20348.0
  - vc >=14.2,<15
  - vc14_runtime >=14.29.30139
  license: BSD-3-Clause
  license_family: BSD
  run_exports:
    weak:
    - uriparser >=0.9.8,<1.0a0
  size: 49181
  timestamp: 1715010467661
- conda: https://conda.anaconda.org/conda-forge/win-64/vc-14.5-ha367084_41.conda
  sha256: 35444c55a92e2f7f7ba26bc70f81e56e52344f7d064c0fd4b40a46a58517b79c
  md5: aa805b5522c2a98fa286e551a1f48546
  depends:
  - vc14_runtime >=14.51.36247
  track_features:
  - vc14
  license: BSD-3-Clause
  license_family: BSD
  run_exports: {}
  size: 21383
  timestamp: 1785359368566
- conda: https://conda.anaconda.org/conda-forge/win-64/vc14_runtime-14.51.36247-habf1de7_41.conda
  sha256: 4e4cb599cdc41bf2109d1464c127b5bcbddf548ce3e322e612afb691338b48f8
  md5: ac5333bb3d429361f23adf704cc49a78
  depends:
  - ucrt >=10.0.20348.0
  - vcomp14 14.51.36247 habf1de7_41
  constrains:
  - vs2015_runtime 14.51.36247.* *_41
  license: LicenseRef-MicrosoftVisualCpp2015-2022Runtime
  license_family: Proprietary
  run_exports: {}
  size: 767955
  timestamp: 1785359364369
- conda: https://conda.anaconda.org/conda-forge/win-64/vcomp14-14.51.36247-habf1de7_41.conda
  sha256: 731e043390c9457299484d39e427221fc868a9249540a498a5a4f6456c7744d1
  md5: 350bb67a5c8e5f1c53347ac544ab6600
  depends:
  - ucrt >=10.0.20348.0
  constrains:
  - vs2015_runtime 14.51.36247.* *_41
  license: LicenseRef-MicrosoftVisualCpp2015-2022Runtime
  license_family: Proprietary
  run_exports:
    strong:
    - vcomp14 >=14.51.36247
  size: 155910
  timestamp: 1785359349999
- conda: https://conda.anaconda.org/conda-forge/win-64/xerces-c-3.3.0-hac47afa_1.conda
  sha256: 9583a8fcf01c59b26a4285bc151b6315fd0bd504e1628f004519dc871eb17073
  md5: d1097e01041cfed41c81f1e3d1f52572
  depends:
  - ucrt >=10.0.20348.0
  - vc >=14.3,<15
  - vc14_runtime >=14.44.35208
  license: Apache-2.0
  license_family: Apache
  run_exports:
    weak:
    - xerces-c >=3.3.0,<3.4.0a0
  size: 3598939
  timestamp: 1766327729418
- conda: https://conda.anaconda.org/conda-forge/win-64/zlib-1.3.2-hfd05255_3.conda
  sha256: 5a0b55df66ff07b4342e04967cef69f8bf348f6a0fb1cc1eca741c7b015dfe77
  md5: 945092a9bc1d0f250f7d5ecf51ecd471
  depends:
  - libzlib 1.3.2 hfd05255_3
  - ucrt >=10.0.20348.0
  - vc >=14.3,<15
  - vc14_runtime >=14.44.35208
  license: Zlib
  license_family: Other
  run_exports:
    weak:
    - libzlib >=1.3.2,<2.0a0
  size: 851288
  timestamp: 1785276674755
- conda: https://conda.anaconda.org/conda-forge/win-64/zstd-1.5.7-h534d264_7.conda
  sha256: ca7daae4f218a11fab82cc2857f0ea518ec3f46acec60490485347a4c22c6b3e
  md5: e4ac308c39d6d0e131154976da67cf3b
  depends:
  - vc >=14.3,<15
  - vc14_runtime >=14.44.35208
  - ucrt >=10.0.20348.0
  - libzlib >=1.3.2,<2.0a0
  license: BSD-3-Clause
  license_family: BSD
  run_exports:
    weak:
    - zstd >=1.5.7,<1.6.0a0
  size: 387535
  timestamp: 1786599623274
